
Microsoft Visual Studio Solution File, Format Version 12.00
# Visual Studio 15
VisualStudioVersion = 15.0.27703.2018
MinimumVisualStudioVersion = 10.0.40219.1
Project("{FAE04EC0-301F-11D3-BF4B-00C04F79EFBC}") = "HostconfigManager", "HostconfigManager\HostconfigManager.csproj", "{990A802D-A148-49F1-B189-922DDD5ED9FD}"
EndProject
Global
	GlobalSection(SolutionConfigurationPlatforms) = preSolution
		Debug|Any CPU = Debug|Any CPU
		Release|Any CPU = Release|Any CPU
	EndGlobalSection
	GlobalSection(ProjectConfigurationPlatforms) = postSolution
		{990A802D-A148-49F1-B189-922DDD5ED9FD}.Debug|Any CPU.ActiveCfg = Debug|Any CPU
		{990A802D-A148-49F1-B189-922DDD5ED9FD}.Debug|Any CPU.Build.0 = Debug|Any CPU
		{990A802D-A148-49F1-B189-922DDD5ED9FD}.Release|Any CPU.ActiveCfg = Release|Any CPU
		{990A802D-A148-49F1-B189-922DDD5ED9FD}.Release|Any CPU.Build.0 = Release|Any CPU
	EndGlobalSection
	GlobalSection(SolutionProperties) = preSolution
		HideSolutionNode = FALSE
	EndGlobalSection
	GlobalSection(ExtensibilityGlobals) = postSolution
		SolutionGuid = {35B484E7-1CC2-42A1-BED3-91C05890EC45}
	EndGlobalSection
EndGlobal
